
Microsoft Visual Studio Solution File, Format Version 12.00
# Visual Studio Version 17
VisualStudioVersion = 17.0.32112.339
MinimumVisualStudioVersion = 10.0.40219.1
Project("{FAE04EC0-301F-11D3-BF4B-00C04F79EFBC}") = "Memento", "MementoPattern\Memento.csproj", "{51992EE0-0F9F-41B2-BA24-2609964C1162}"
EndProject
Project("{FAE04EC0-301F-11D3-BF4B-00C04F79EFBC}") = "StateProblem", "State\StateProblem.csproj", "{E8633665-D5D0-4013-9644-11E42B37E0E8}"
EndProject
Project("{FAE04EC0-301F-11D3-BF4B-00C04F79EFBC}") = "StateSolution", "StateSolution\StateSolution.csproj", "{FD43F9FA-7FB7-4367-8CAA-6279221E817D}"
EndProject
Project("{FAE04EC0-301F-11D3-BF4B-00C04F79EFBC}") = "IteratorProblem", "IteratorProblem\IteratorProblem.csproj", "{201A9B6A-9938-44B1-A341-8D2A74BC75E9}"
EndProject
Project("{FAE04EC0-301F-11D3-BF4B-00C04F79EFBC}") = "IteratorSolution", "IteratorSolution\IteratorSolution.csproj", "{C9F42CE8-DCAA-4CFA-B956-C680B8B77C6E}"
EndProject
Project("{FAE04EC0-301F-11D3-BF4B-00C04F79EFBC}") = "StrategyProblem", "StrategyProblem\StrategyProblem.csproj", "{834911C0-8559-4453-8878-A18E572F4C08}"
EndProject
Project("{FAE04EC0-301F-11D3-BF4B-00C04F79EFBC}") = "StrategySolution", "StrategySolution\StrategySolution.csproj", "{34E0F87D-CA38-4207-AE6F-5B7EF989DC76}"
EndProject
Project("{FAE04EC0-301F-11D3-BF4B-00C04F79EFBC}") = "TemplateMethodProblem", "TemplateMethodProblem\TemplateMethodProblem.csproj", "{79631C1C-2645-43B8-A1EA-61C8C4D82282}"
EndProject
Project("{FAE04EC0-301F-11D3-BF4B-00C04F79EFBC}") = "TemplateMethodSolution", "TemplateMethodSolution\TemplateMethodSolution.csproj", "{72DA75DA-E4CF-499F-A625-05B2D0CCDD32}"
EndProject
Project("{FAE04EC0-301F-11D3-BF4B-00C04F79EFBC}") = "Command", "CommandProblem\Command.csproj", "{4F2C07FC-6C4E-4097-A83A-AD04DE4E8991}"
EndProject
Project("{FAE04EC0-301F-11D3-BF4B-00C04F79EFBC}") = "Observer", "Observer\Observer.csproj", "{2AE73E72-A014-466D-94E2-B2562292ADA5}"
EndProject
Project("{FAE04EC0-301F-11D3-BF4B-00C04F79EFBC}") = "MediatorProblem", "MediatorProblem\MediatorProblem.csproj", "{A15DDEDD-C5DD-4563-B28F-15D79D8D04D9}"
EndProject
Project("{FAE04EC0-301F-11D3-BF4B-00C04F79EFBC}") = "MediatorSolution", "MediatorSolution\MediatorSolution.csproj", "{CFAC4C7D-392A-45F8-BE44-047AFDF82AAF}"
EndProject
Project("{FAE04EC0-301F-11D3-BF4B-00C04F79EFBC}") = "MediatorSolutionWithObserver", "MediatorSolutionWithObserver\MediatorSolutionWithObserver.csproj", "{1A978DDA-16B7-4E65-B8E7-70E0994ABAAE}"
EndProject
Project("{FAE04EC0-301F-11D3-BF4B-00C04F79EFBC}") = "ChainOfResponsibilityProblem", "ChainOfResponsibilityProblem\ChainOfResponsibilityProblem.csproj", "{B55DB5A0-28BE-4026-9A56-B24B2E0867FF}"
EndProject
Project("{FAE04EC0-301F-11D3-BF4B-00C04F79EFBC}") = "ChainOfResponsibilitySolution", "ChainOfResponsibilitySolution\ChainOfResponsibilitySolution.csproj", "{27CFCA13-4023-44B2-8BAE-18B0E233470C}"
EndProject
Project("{FAE04EC0-301F-11D3-BF4B-00C04F79EFBC}") = "VisitorProblem", "VisitorProblem\VisitorProblem.csproj", "{1323CEF0-10CB-41D6-BCB4-E0CDCFB1E110}"
EndProject
Project("{FAE04EC0-301F-11D3-BF4B-00C04F79EFBC}") = "VisitorSolution", "VisitorSolution\VisitorSolution.csproj", "{A24CC248-46CD-4C36-9057-D35F6FD880D5}"
EndProject
Project("{FAE04EC0-301F-11D3-BF4B-00C04F79EFBC}") = "CompositeProblem", "CompositeProblem\CompositeProblem.csproj", "{83EC770D-1148-4144-8347-796708AC2515}"
EndProject
Project("{FAE04EC0-301F-11D3-BF4B-00C04F79EFBC}") = "CompositeSolution", "CompositeSolution\CompositeSolution.csproj", "{4AD8CF5E-15E1-4286-8460-2A2A2FD87B61}"
EndProject
Project("{FAE04EC0-301F-11D3-BF4B-00C04F79EFBC}") = "AdapterProblem", "AdapterProblem\AdapterProblem.csproj", "{E41D25B8-E6E1-4FAE-A662-9980C41C3B6E}"
EndProject
Project("{FAE04EC0-301F-11D3-BF4B-00C04F79EFBC}") = "AdapterSolution", "AdapterSolution\AdapterSolution.csproj", "{44945379-9EE6-458C-BB17-E7F5F9F4BDFA}"
EndProject
Project("{FAE04EC0-301F-11D3-BF4B-00C04F79EFBC}") = "DecoratorProblem", "DecoratorProblem\DecoratorProblem.csproj", "{19714CE8-CFB0-47EC-9683-4E7F50AF6648}"
EndProject
Project("{FAE04EC0-301F-11D3-BF4B-00C04F79EFBC}") = "DecoratorSolution", "DecoratorSolution\DecoratorSolution.csproj", "{4047B3CC-117E-42BC-AA79-B50B966B32BF}"
EndProject
Project("{FAE04EC0-301F-11D3-BF4B-00C04F79EFBC}") = "FacadeProblem", "FacadeProblem\FacadeProblem.csproj", "{95B0B7D5-4C05-40BA-8ECE-C795D136B73A}"
EndProject
Project("{FAE04EC0-301F-11D3-BF4B-00C04F79EFBC}") = "FacadeSolution", "FacadeSolution\FacadeSolution.csproj", "{88CF8DED-1112-41B9-918F-9C16D06A5E2B}"
EndProject
Project("{FAE04EC0-301F-11D3-BF4B-00C04F79EFBC}") = "FlyweightProblem", "FlyWeightProblem\FlyweightProblem.csproj", "{D1922AE6-5DEE-402B-8021-5ED7E86E373E}"
EndProject
Project("{FAE04EC0-301F-11D3-BF4B-00C04F79EFBC}") = "FlyweightSolution", "FlyWeightSolution\FlyweightSolution.csproj", "{582D8067-420B-4390-B2D2-3750D87D5F7D}"
EndProject
Project("{FAE04EC0-301F-11D3-BF4B-00C04F79EFBC}") = "ProxyProblem", "ProxyProblem\ProxyProblem.csproj", "{FF730064-82CB-426D-A8D5-B288203DF3D1}"
EndProject
Project("{FAE04EC0-301F-11D3-BF4B-00C04F79EFBC}") = "ProxySolution", "ProxySolution\ProxySolution.csproj", "{ACC147FE-3672-4BF5-8FBF-22B0A4F8488F}"
EndProject
Project("{FAE04EC0-301F-11D3-BF4B-00C04F79EFBC}") = "Singleton", "Singleton\Singleton.csproj", "{58F4226C-A27B-4545-BF7A-C13F22E6E514}"
EndProject
Project("{FAE04EC0-301F-11D3-BF4B-00C04F79EFBC}") = "AbstractFactoryProblem", "AbstractFactoryProblem\AbstractFactoryProblem.csproj", "{8ADC6102-39DD-4FEF-9151-4FC4252AC1C6}"
EndProject
Project("{FAE04EC0-301F-11D3-BF4B-00C04F79EFBC}") = "AbstractFactorySolution", "AbstractFactorySolution\AbstractFactorySolution.csproj", "{8F7F1738-A511-4A8D-92A2-88573A7A49BF}"
EndProject
Project("{FAE04EC0-301F-11D3-BF4B-00C04F79EFBC}") = "FactoryMethod", "FactoryMethod\FactoryMethod.csproj", "{8EA3B93A-DC04-402D-A5EB-570D4958A623}"
EndProject
Project("{FAE04EC0-301F-11D3-BF4B-00C04F79EFBC}") = "FactoryMethodOld", "FactoryMethodOld\FactoryMethodOld.csproj", "{A8527904-653C-48F1-BA3B-E4B79CE273A7}"
EndProject
Project("{2150E333-8FDC-42A3-9474-1A3956D46DE8}") = "Behavioral", "Behavioral", "{36848A97-62F4-4CA7-8ECC-203018E51891}"
EndProject
Project("{2150E333-8FDC-42A3-9474-1A3956D46DE8}") = "Structural", "Structural", "{3AE71960-A651-4907-8522-50F60C7973F5}"
EndProject
Project("{2150E333-8FDC-42A3-9474-1A3956D46DE8}") = "Creational", "Creational", "{4203B450-4F31-4883-BE2A-829530737FEB}"
EndProject
Project("{FAE04EC0-301F-11D3-BF4B-00C04F79EFBC}") = "BridgeProblem", "BridgeProblem\BridgeProblem.csproj", "{D314DF6B-367D-44AB-853B-77CAC6DF2F94}"
EndProject
Project("{FAE04EC0-301F-11D3-BF4B-00C04F79EFBC}") = "BridgeSolution", "BridgeSolution\BridgeSolution.csproj", "{22507036-7DF9-486A-8043-6A788227D601}"
EndProject
Project("{FAE04EC0-301F-11D3-BF4B-00C04F79EFBC}") = "BuilderProblem", "BuilderProblem\BuilderProblem.csproj", "{FAB7A339-1CEA-4AF1-8BE8-AC85C73A1827}"
EndProject
Project("{FAE04EC0-301F-11D3-BF4B-00C04F79EFBC}") = "BuilderSolution", "BuilderSolution\BuilderSolution.csproj", "{DFCE556E-56BE-44B0-BA11-94A28E598C4A}"
EndProject
Project("{FAE04EC0-301F-11D3-BF4B-00C04F79EFBC}") = "Prototype", "PrototypeProblem\Prototype.csproj", "{DCEA0A76-C126-4FED-AE39-73E443082CFA}"
EndProject
Project("{FAE04EC0-301F-11D3-BF4B-00C04F79EFBC}") = "PrototypeVsAbstractFactory", "PrototypeVsAbstractFactory\PrototypeVsAbstractFactory.csproj", "{4F86AE5C-9CE9-4124-BB30-A1D3A0F8DFE9}"
EndProject
Global
	GlobalSection(SolutionConfigurationPlatforms) = preSolution
		Debug|Any CPU = Debug|Any CPU
		Release|Any CPU = Release|Any CPU
	EndGlobalSection
	GlobalSection(ProjectConfigurationPlatforms) = postSolution
		{51992EE0-0F9F-41B2-BA24-2609964C1162}.Debug|Any CPU.ActiveCfg = Debug|Any CPU
		{51992EE0-0F9F-41B2-BA24-2609964C1162}.Debug|Any CPU.Build.0 = Debug|Any CPU
		{51992EE0-0F9F-41B2-BA24-2609964C1162}.Release|Any CPU.ActiveCfg = Release|Any CPU
		{51992EE0-0F9F-41B2-BA24-2609964C1162}.Release|Any CPU.Build.0 = Release|Any CPU
		{E8633665-D5D0-4013-9644-11E42B37E0E8}.Debug|Any CPU.ActiveCfg = Debug|Any CPU
		{E8633665-D5D0-4013-9644-11E42B37E0E8}.Debug|Any CPU.Build.0 = Debug|Any CPU
		{E8633665-D5D0-4013-9644-11E42B37E0E8}.Release|Any CPU.ActiveCfg = Release|Any CPU
		{E8633665-D5D0-4013-9644-11E42B37E0E8}.Release|Any CPU.Build.0 = Release|Any CPU
		{FD43F9FA-7FB7-4367-8CAA-6279221E817D}.Debug|Any CPU.ActiveCfg = Debug|Any CPU
		{FD43F9FA-7FB7-4367-8CAA-6279221E817D}.Debug|Any CPU.Build.0 = Debug|Any CPU
		{FD43F9FA-7FB7-4367-8CAA-6279221E817D}.Release|Any CPU.ActiveCfg = Release|Any CPU
		{FD43F9FA-7FB7-4367-8CAA-6279221E817D}.Release|Any CPU.Build.0 = Release|Any CPU
		{201A9B6A-9938-44B1-A341-8D2A74BC75E9}.Debug|Any CPU.ActiveCfg = Debug|Any CPU
		{201A9B6A-9938-44B1-A341-8D2A74BC75E9}.Debug|Any CPU.Build.0 = Debug|Any CPU
		{201A9B6A-9938-44B1-A341-8D2A74BC75E9}.Release|Any CPU.ActiveCfg = Release|Any CPU
		{201A9B6A-9938-44B1-A341-8D2A74BC75E9}.Release|Any CPU.Build.0 = Release|Any CPU
		{C9F42CE8-DCAA-4CFA-B956-C680B8B77C6E}.Debug|Any CPU.ActiveCfg = Debug|Any CPU
		{C9F42CE8-DCAA-4CFA-B956-C680B8B77C6E}.Debug|Any CPU.Build.0 = Debug|Any CPU
		{C9F42CE8-DCAA-4CFA-B956-C680B8B77C6E}.Release|Any CPU.ActiveCfg = Release|Any CPU
		{C9F42CE8-DCAA-4CFA-B956-C680B8B77C6E}.Release|Any CPU.Build.0 = Release|Any CPU
		{834911C0-8559-4453-8878-A18E572F4C08}.Debug|Any CPU.ActiveCfg = Debug|Any CPU
		{834911C0-8559-4453-8878-A18E572F4C08}.Debug|Any CPU.Build.0 = Debug|Any CPU
		{834911C0-8559-4453-8878-A18E572F4C08}.Release|Any CPU.ActiveCfg = Release|Any CPU
		{834911C0-8559-4453-8878-A18E572F4C08}.Release|Any CPU.Build.0 = Release|Any CPU
		{34E0F87D-CA38-4207-AE6F-5B7EF989DC76}.Debug|Any CPU.ActiveCfg = Debug|Any CPU
		{34E0F87D-CA38-4207-AE6F-5B7EF989DC76}.Debug|Any CPU.Build.0 = Debug|Any CPU
		{34E0F87D-CA38-4207-AE6F-5B7EF989DC76}.Release|Any CPU.ActiveCfg = Release|Any CPU
		{34E0F87D-CA38-4207-AE6F-5B7EF989DC76}.Release|Any CPU.Build.0 = Release|Any CPU
		{79631C1C-2645-43B8-A1EA-61C8C4D82282}.Debug|Any CPU.ActiveCfg = Debug|Any CPU
		{79631C1C-2645-43B8-A1EA-61C8C4D82282}.Debug|Any CPU.Build.0 = Debug|Any CPU
		{79631C1C-2645-43B8-A1EA-61C8C4D82282}.Release|Any CPU.ActiveCfg = Release|Any CPU
		{79631C1C-2645-43B8-A1EA-61C8C4D82282}.Release|Any CPU.Build.0 = Release|Any CPU
		{72DA75DA-E4CF-499F-A625-05B2D0CCDD32}.Debug|Any CPU.ActiveCfg = Debug|Any CPU
		{72DA75DA-E4CF-499F-A625-05B2D0CCDD32}.Debug|Any CPU.Build.0 = Debug|Any CPU
		{72DA75DA-E4CF-499F-A625-05B2D0CCDD32}.Release|Any CPU.ActiveCfg = Release|Any CPU
		{72DA75DA-E4CF-499F-A625-05B2D0CCDD32}.Release|Any CPU.Build.0 = Release|Any CPU
		{4F2C07FC-6C4E-4097-A83A-AD04DE4E8991}.Debug|Any CPU.ActiveCfg = Debug|Any CPU
		{4F2C07FC-6C4E-4097-A83A-AD04DE4E8991}.Debug|Any CPU.Build.0 = Debug|Any CPU
		{4F2C07FC-6C4E-4097-A83A-AD04DE4E8991}.Release|Any CPU.ActiveCfg = Release|Any CPU
		{4F2C07FC-6C4E-4097-A83A-AD04DE4E8991}.Release|Any CPU.Build.0 = Release|Any CPU
		{2AE73E72-A014-466D-94E2-B2562292ADA5}.Debug|Any CPU.ActiveCfg = Debug|Any CPU
		{2AE73E72-A014-466D-94E2-B2562292ADA5}.Debug|Any CPU.Build.0 = Debug|Any CPU
		{2AE73E72-A014-466D-94E2-B2562292ADA5}.Release|Any CPU.ActiveCfg = Release|Any CPU
		{2AE73E72-A014-466D-94E2-B2562292ADA5}.Release|Any CPU.Build.0 = Release|Any CPU
		{A15DDEDD-C5DD-4563-B28F-15D79D8D04D9}.Debug|Any CPU.ActiveCfg = Debug|Any CPU
		{A15DDEDD-C5DD-4563-B28F-15D79D8D04D9}.Debug|Any CPU.Build.0 = Debug|Any CPU
		{A15DDEDD-C5DD-4563-B28F-15D79D8D04D9}.Release|Any CPU.ActiveCfg = Release|Any CPU
		{A15DDEDD-C5DD-4563-B28F-15D79D8D04D9}.Release|Any CPU.Build.0 = Release|Any CPU
		{CFAC4C7D-392A-45F8-BE44-047AFDF82AAF}.Debug|Any CPU.ActiveCfg = Debug|Any CPU
		{CFAC4C7D-392A-45F8-BE44-047AFDF82AAF}.Debug|Any CPU.Build.0 = Debug|Any CPU
		{CFAC4C7D-392A-45F8-BE44-047AFDF82AAF}.Release|Any CPU.ActiveCfg = Release|Any CPU
		{CFAC4C7D-392A-45F8-BE44-047AFDF82AAF}.Release|Any CPU.Build.0 = Release|Any CPU
		{1A978DDA-16B7-4E65-B8E7-70E0994ABAAE}.Debug|Any CPU.ActiveCfg = Debug|Any CPU
		{1A978DDA-16B7-4E65-B8E7-70E0994ABAAE}.Debug|Any CPU.Build.0 = Debug|Any CPU
		{1A978DDA-16B7-4E65-B8E7-70E0994ABAAE}.Release|Any CPU.ActiveCfg = Release|Any CPU
		{1A978DDA-16B7-4E65-B8E7-70E0994ABAAE}.Release|Any CPU.Build.0 = Release|Any CPU
		{B55DB5A0-28BE-4026-9A56-B24B2E0867FF}.Debug|Any CPU.ActiveCfg = Debug|Any CPU
		{B55DB5A0-28BE-4026-9A56-B24B2E0867FF}.Debug|Any CPU.Build.0 = Debug|Any CPU
		{B55DB5A0-28BE-4026-9A56-B24B2E0867FF}.Release|Any CPU.ActiveCfg = Release|Any CPU
		{B55DB5A0-28BE-4026-9A56-B24B2E0867FF}.Release|Any CPU.Build.0 = Release|Any CPU
		{27CFCA13-4023-44B2-8BAE-18B0E233470C}.Debug|Any CPU.ActiveCfg = Debug|Any CPU
		{27CFCA13-4023-44B2-8BAE-18B0E233470C}.Debug|Any CPU.Build.0 = Debug|Any CPU
		{27CFCA13-4023-44B2-8BAE-18B0E233470C}.Release|Any CPU.ActiveCfg = Release|Any CPU
		{27CFCA13-4023-44B2-8BAE-18B0E233470C}.Release|Any CPU.Build.0 = Release|Any CPU
		{1323CEF0-10CB-41D6-BCB4-E0CDCFB1E110}.Debug|Any CPU.ActiveCfg = Debug|Any CPU
		{1323CEF0-10CB-41D6-BCB4-E0CDCFB1E110}.Debug|Any CPU.Build.0 = Debug|Any CPU
		{1323CEF0-10CB-41D6-BCB4-E0CDCFB1E110}.Release|Any CPU.ActiveCfg = Release|Any CPU
		{1323CEF0-10CB-41D6-BCB4-E0CDCFB1E110}.Release|Any CPU.Build.0 = Release|Any CPU
		{A24CC248-46CD-4C36-9057-D35F6FD880D5}.Debug|Any CPU.ActiveCfg = Debug|Any CPU
		{A24CC248-46CD-4C36-9057-D35F6FD880D5}.Debug|Any CPU.Build.0 = Debug|Any CPU
		{A24CC248-46CD-4C36-9057-D35F6FD880D5}.Release|Any CPU.ActiveCfg = Release|Any CPU
		{A24CC248-46CD-4C36-9057-D35F6FD880D5}.Release|Any CPU.Build.0 = Release|Any CPU
		{83EC770D-1148-4144-8347-796708AC2515}.Debug|Any CPU.ActiveCfg = Debug|Any CPU
		{83EC770D-1148-4144-8347-796708AC2515}.Debug|Any CPU.Build.0 = Debug|Any CPU
		{83EC770D-1148-4144-8347-796708AC2515}.Release|Any CPU.ActiveCfg = Release|Any CPU
		{83EC770D-1148-4144-8347-796708AC2515}.Release|Any CPU.Build.0 = Release|Any CPU
		{4AD8CF5E-15E1-4286-8460-2A2A2FD87B61}.Debug|Any CPU.ActiveCfg = Debug|Any CPU
		{4AD8CF5E-15E1-4286-8460-2A2A2FD87B61}.Debug|Any CPU.Build.0 = Debug|Any CPU
		{4AD8CF5E-15E1-4286-8460-2A2A2FD87B61}.Release|Any CPU.ActiveCfg = Release|Any CPU
		{4AD8CF5E-15E1-4286-8460-2A2A2FD87B61}.Release|Any CPU.Build.0 = Release|Any CPU
		{E41D25B8-E6E1-4FAE-A662-9980C41C3B6E}.Debug|Any CPU.ActiveCfg = Debug|Any CPU
		{E41D25B8-E6E1-4FAE-A662-9980C41C3B6E}.Debug|Any CPU.Build.0 = Debug|Any CPU
		{E41D25B8-E6E1-4FAE-A662-9980C41C3B6E}.Release|Any CPU.ActiveCfg = Release|Any CPU
		{E41D25B8-E6E1-4FAE-A662-9980C41C3B6E}.Release|Any CPU.Build.0 = Release|Any CPU
		{44945379-9EE6-458C-BB17-E7F5F9F4BDFA}.Debug|Any CPU.ActiveCfg = Debug|Any CPU
		{44945379-9EE6-458C-BB17-E7F5F9F4BDFA}.Debug|Any CPU.Build.0 = Debug|Any CPU
		{44945379-9EE6-458C-BB17-E7F5F9F4BDFA}.Release|Any CPU.ActiveCfg = Release|Any CPU
		{44945379-9EE6-458C-BB17-E7F5F9F4BDFA}.Release|Any CPU.Build.0 = Release|Any CPU
		{19714CE8-CFB0-47EC-9683-4E7F50AF6648}.Debug|Any CPU.ActiveCfg = Debug|Any CPU
		{19714CE8-CFB0-47EC-9683-4E7F50AF6648}.Debug|Any CPU.Build.0 = Debug|Any CPU
		{19714CE8-CFB0-47EC-9683-4E7F50AF6648}.Release|Any CPU.ActiveCfg = Release|Any CPU
		{19714CE8-CFB0-47EC-9683-4E7F50AF6648}.Release|Any CPU.Build.0 = Release|Any CPU
		{4047B3CC-117E-42BC-AA79-B50B966B32BF}.Debug|Any CPU.ActiveCfg = Debug|Any CPU
		{4047B3CC-117E-42BC-AA79-B50B966B32BF}.Debug|Any CPU.Build.0 = Debug|Any CPU
		{4047B3CC-117E-42BC-AA79-B50B966B32BF}.Release|Any CPU.ActiveCfg = Release|Any CPU
		{4047B3CC-117E-42BC-AA79-B50B966B32BF}.Release|Any CPU.Build.0 = Release|Any CPU
		{95B0B7D5-4C05-40BA-8ECE-C795D136B73A}.Debug|Any CPU.ActiveCfg = Debug|Any CPU
		{95B0B7D5-4C05-40BA-8ECE-C795D136B73A}.Debug|Any CPU.Build.0 = Debug|Any CPU
		{95B0B7D5-4C05-40BA-8ECE-C795D136B73A}.Release|Any CPU.ActiveCfg = Release|Any CPU
		{95B0B7D5-4C05-40BA-8ECE-C795D136B73A}.Release|Any CPU.Build.0 = Release|Any CPU
		{88CF8DED-1112-41B9-918F-9C16D06A5E2B}.Debug|Any CPU.ActiveCfg = Debug|Any CPU
		{88CF8DED-1112-41B9-918F-9C16D06A5E2B}.Debug|Any CPU.Build.0 = Debug|Any CPU
		{88CF8DED-1112-41B9-918F-9C16D06A5E2B}.Release|Any CPU.ActiveCfg = Release|Any CPU
		{88CF8DED-1112-41B9-918F-9C16D06A5E2B}.Release|Any CPU.Build.0 = Release|Any CPU
		{D1922AE6-5DEE-402B-8021-5ED7E86E373E}.Debug|Any CPU.ActiveCfg = Debug|Any CPU
		{D1922AE6-5DEE-402B-8021-5ED7E86E373E}.Debug|Any CPU.Build.0 = Debug|Any CPU
		{D1922AE6-5DEE-402B-8021-5ED7E86E373E}.Release|Any CPU.ActiveCfg = Release|Any CPU
		{D1922AE6-5DEE-402B-8021-5ED7E86E373E}.Release|Any CPU.Build.0 = Release|Any CPU
		{582D8067-420B-4390-B2D2-3750D87D5F7D}.Debug|Any CPU.ActiveCfg = Debug|Any CPU
		{582D8067-420B-4390-B2D2-3750D87D5F7D}.Debug|Any CPU.Build.0 = Debug|Any CPU
		{582D8067-420B-4390-B2D2-3750D87D5F7D}.Release|Any CPU.ActiveCfg = Release|Any CPU
		{582D8067-420B-4390-B2D2-3750D87D5F7D}.Release|Any CPU.Build.0 = Release|Any CPU
		{FF730064-82CB-426D-A8D5-B288203DF3D1}.Debug|Any CPU.ActiveCfg = Debug|Any CPU
		{FF730064-82CB-426D-A8D5-B288203DF3D1}.Debug|Any CPU.Build.0 = Debug|Any CPU
		{FF730064-82CB-426D-A8D5-B288203DF3D1}.Release|Any CPU.ActiveCfg = Release|Any CPU
		{FF730064-82CB-426D-A8D5-B288203DF3D1}.Release|Any CPU.Build.0 = Release|Any CPU
		{ACC147FE-3672-4BF5-8FBF-22B0A4F8488F}.Debug|Any CPU.ActiveCfg = Debug|Any CPU
		{ACC147FE-3672-4BF5-8FBF-22B0A4F8488F}.Debug|Any CPU.Build.0 = Debug|Any CPU
		{ACC147FE-3672-4BF5-8FBF-22B0A4F8488F}.Release|Any CPU.ActiveCfg = Release|Any CPU
		{ACC147FE-3672-4BF5-8FBF-22B0A4F8488F}.Release|Any CPU.Build.0 = Release|Any CPU
		{58F4226C-A27B-4545-BF7A-C13F22E6E514}.Debug|Any CPU.ActiveCfg = Debug|Any CPU
		{58F4226C-A27B-4545-BF7A-C13F22E6E514}.Debug|Any CPU.Build.0 = Debug|Any CPU
		{58F4226C-A27B-4545-BF7A-C13F22E6E514}.Release|Any CPU.ActiveCfg = Release|Any CPU
		{58F4226C-A27B-4545-BF7A-C13F22E6E514}.Release|Any CPU.Build.0 = Release|Any CPU
		{8ADC6102-39DD-4FEF-9151-4FC4252AC1C6}.Debug|Any CPU.ActiveCfg = Debug|Any CPU
		{8ADC6102-39DD-4FEF-9151-4FC4252AC1C6}.Debug|Any CPU.Build.0 = Debug|Any CPU
		{8ADC6102-39DD-4FEF-9151-4FC4252AC1C6}.Release|Any CPU.ActiveCfg = Release|Any CPU
		{8ADC6102-39DD-4FEF-9151-4FC4252AC1C6}.Release|Any CPU.Build.0 = Release|Any CPU
		{8F7F1738-A511-4A8D-92A2-88573A7A49BF}.Debug|Any CPU.ActiveCfg = Debug|Any CPU
		{8F7F1738-A511-4A8D-92A2-88573A7A49BF}.Debug|Any CPU.Build.0 = Debug|Any CPU
		{8F7F1738-A511-4A8D-92A2-88573A7A49BF}.Release|Any CPU.ActiveCfg = Release|Any CPU
		{8F7F1738-A511-4A8D-92A2-88573A7A49BF}.Release|Any CPU.Build.0 = Release|Any CPU
		{8EA3B93A-DC04-402D-A5EB-570D4958A623}.Debug|Any CPU.ActiveCfg = Debug|Any CPU
		{8EA3B93A-DC04-402D-A5EB-570D4958A623}.Debug|Any CPU.Build.0 = Debug|Any CPU
		{8EA3B93A-DC04-402D-A5EB-570D4958A623}.Release|Any CPU.ActiveCfg = Release|Any CPU
		{8EA3B93A-DC04-402D-A5EB-570D4958A623}.Release|Any CPU.Build.0 = Release|Any CPU
		{A8527904-653C-48F1-BA3B-E4B79CE273A7}.Debug|Any CPU.ActiveCfg = Debug|Any CPU
		{A8527904-653C-48F1-BA3B-E4B79CE273A7}.Debug|Any CPU.Build.0 = Debug|Any CPU
		{A8527904-653C-48F1-BA3B-E4B79CE273A7}.Release|Any CPU.ActiveCfg = Release|Any CPU
		{A8527904-653C-48F1-BA3B-E4B79CE273A7}.Release|Any CPU.Build.0 = Release|Any CPU
		{D314DF6B-367D-44AB-853B-77CAC6DF2F94}.Debug|Any CPU.ActiveCfg = Debug|Any CPU
		{D314DF6B-367D-44AB-853B-77CAC6DF2F94}.Debug|Any CPU.Build.0 = Debug|Any CPU
		{D314DF6B-367D-44AB-853B-77CAC6DF2F94}.Release|Any CPU.ActiveCfg = Release|Any CPU
		{D314DF6B-367D-44AB-853B-77CAC6DF2F94}.Release|Any CPU.Build.0 = Release|Any CPU
		{22507036-7DF9-486A-8043-6A788227D601}.Debug|Any CPU.ActiveCfg = Debug|Any CPU
		{22507036-7DF9-486A-8043-6A788227D601}.Debug|Any CPU.Build.0 = Debug|Any CPU
		{22507036-7DF9-486A-8043-6A788227D601}.Release|Any CPU.ActiveCfg = Release|Any CPU
		{22507036-7DF9-486A-8043-6A788227D601}.Release|Any CPU.Build.0 = Release|Any CPU
		{FAB7A339-1CEA-4AF1-8BE8-AC85C73A1827}.Debug|Any CPU.ActiveCfg = Debug|Any CPU
		{FAB7A339-1CEA-4AF1-8BE8-AC85C73A1827}.Debug|Any CPU.Build.0 = Debug|Any CPU
		{FAB7A339-1CEA-4AF1-8BE8-AC85C73A1827}.Release|Any CPU.ActiveCfg = Release|Any CPU
		{FAB7A339-1CEA-4AF1-8BE8-AC85C73A1827}.Release|Any CPU.Build.0 = Release|Any CPU
		{DFCE556E-56BE-44B0-BA11-94A28E598C4A}.Debug|Any CPU.ActiveCfg = Debug|Any CPU
		{DFCE556E-56BE-44B0-BA11-94A28E598C4A}.Debug|Any CPU.Build.0 = Debug|Any CPU
		{DFCE556E-56BE-44B0-BA11-94A28E598C4A}.Release|Any CPU.ActiveCfg = Release|Any CPU
		{DFCE556E-56BE-44B0-BA11-94A28E598C4A}.Release|Any CPU.Build.0 = Release|Any CPU
		{DCEA0A76-C126-4FED-AE39-73E443082CFA}.Debug|Any CPU.ActiveCfg = Debug|Any CPU
		{DCEA0A76-C126-4FED-AE39-73E443082CFA}.Debug|Any CPU.Build.0 = Debug|Any CPU
		{DCEA0A76-C126-4FED-AE39-73E443082CFA}.Release|Any CPU.ActiveCfg = Release|Any CPU
		{DCEA0A76-C126-4FED-AE39-73E443082CFA}.Release|Any CPU.Build.0 = Release|Any CPU
		{4F86AE5C-9CE9-4124-BB30-A1D3A0F8DFE9}.Debug|Any CPU.ActiveCfg = Debug|Any CPU
		{4F86AE5C-9CE9-4124-BB30-A1D3A0F8DFE9}.Debug|Any CPU.Build.0 = Debug|Any CPU
		{4F86AE5C-9CE9-4124-BB30-A1D3A0F8DFE9}.Release|Any CPU.ActiveCfg = Release|Any CPU
		{4F86AE5C-9CE9-4124-BB30-A1D3A0F8DFE9}.Release|Any CPU.Build.0 = Release|Any CPU
	EndGlobalSection
	GlobalSection(SolutionProperties) = preSolution
		HideSolutionNode = FALSE
	EndGlobalSection
	GlobalSection(NestedProjects) = preSolution
		{51992EE0-0F9F-41B2-BA24-2609964C1162} = {36848A97-62F4-4CA7-8ECC-203018E51891}
		{E8633665-D5D0-4013-9644-11E42B37E0E8} = {36848A97-62F4-4CA7-8ECC-203018E51891}
		{FD43F9FA-7FB7-4367-8CAA-6279221E817D} = {36848A97-62F4-4CA7-8ECC-203018E51891}
		{201A9B6A-9938-44B1-A341-8D2A74BC75E9} = {36848A97-62F4-4CA7-8ECC-203018E51891}
		{C9F42CE8-DCAA-4CFA-B956-C680B8B77C6E} = {36848A97-62F4-4CA7-8ECC-203018E51891}
		{834911C0-8559-4453-8878-A18E572F4C08} = {36848A97-62F4-4CA7-8ECC-203018E51891}
		{34E0F87D-CA38-4207-AE6F-5B7EF989DC76} = {36848A97-62F4-4CA7-8ECC-203018E51891}
		{79631C1C-2645-43B8-A1EA-61C8C4D82282} = {36848A97-62F4-4CA7-8ECC-203018E51891}
		{72DA75DA-E4CF-499F-A625-05B2D0CCDD32} = {36848A97-62F4-4CA7-8ECC-203018E51891}
		{4F2C07FC-6C4E-4097-A83A-AD04DE4E8991} = {36848A97-62F4-4CA7-8ECC-203018E51891}
		{2AE73E72-A014-466D-94E2-B2562292ADA5} = {36848A97-62F4-4CA7-8ECC-203018E51891}
		{A15DDEDD-C5DD-4563-B28F-15D79D8D04D9} = {36848A97-62F4-4CA7-8ECC-203018E51891}
		{CFAC4C7D-392A-45F8-BE44-047AFDF82AAF} = {36848A97-62F4-4CA7-8ECC-203018E51891}
		{1A978DDA-16B7-4E65-B8E7-70E0994ABAAE} = {36848A97-62F4-4CA7-8ECC-203018E51891}
		{B55DB5A0-28BE-4026-9A56-B24B2E0867FF} = {36848A97-62F4-4CA7-8ECC-203018E51891}
		{27CFCA13-4023-44B2-8BAE-18B0E233470C} = {36848A97-62F4-4CA7-8ECC-203018E51891}
		{1323CEF0-10CB-41D6-BCB4-E0CDCFB1E110} = {36848A97-62F4-4CA7-8ECC-203018E51891}
		{A24CC248-46CD-4C36-9057-D35F6FD880D5} = {36848A97-62F4-4CA7-8ECC-203018E51891}
		{83EC770D-1148-4144-8347-796708AC2515} = {3AE71960-A651-4907-8522-50F60C7973F5}
		{4AD8CF5E-15E1-4286-8460-2A2A2FD87B61} = {3AE71960-A651-4907-8522-50F60C7973F5}
		{E41D25B8-E6E1-4FAE-A662-9980C41C3B6E} = {3AE71960-A651-4907-8522-50F60C7973F5}
		{44945379-9EE6-458C-BB17-E7F5F9F4BDFA} = {3AE71960-A651-4907-8522-50F60C7973F5}
		{19714CE8-CFB0-47EC-9683-4E7F50AF6648} = {3AE71960-A651-4907-8522-50F60C7973F5}
		{4047B3CC-117E-42BC-AA79-B50B966B32BF} = {3AE71960-A651-4907-8522-50F60C7973F5}
		{95B0B7D5-4C05-40BA-8ECE-C795D136B73A} = {3AE71960-A651-4907-8522-50F60C7973F5}
		{88CF8DED-1112-41B9-918F-9C16D06A5E2B} = {3AE71960-A651-4907-8522-50F60C7973F5}
		{D1922AE6-5DEE-402B-8021-5ED7E86E373E} = {3AE71960-A651-4907-8522-50F60C7973F5}
		{582D8067-420B-4390-B2D2-3750D87D5F7D} = {3AE71960-A651-4907-8522-50F60C7973F5}
		{FF730064-82CB-426D-A8D5-B288203DF3D1} = {3AE71960-A651-4907-8522-50F60C7973F5}
		{ACC147FE-3672-4BF5-8FBF-22B0A4F8488F} = {3AE71960-A651-4907-8522-50F60C7973F5}
		{58F4226C-A27B-4545-BF7A-C13F22E6E514} = {4203B450-4F31-4883-BE2A-829530737FEB}
		{8ADC6102-39DD-4FEF-9151-4FC4252AC1C6} = {4203B450-4F31-4883-BE2A-829530737FEB}
		{8F7F1738-A511-4A8D-92A2-88573A7A49BF} = {4203B450-4F31-4883-BE2A-829530737FEB}
		{8EA3B93A-DC04-402D-A5EB-570D4958A623} = {4203B450-4F31-4883-BE2A-829530737FEB}
		{A8527904-653C-48F1-BA3B-E4B79CE273A7} = {4203B450-4F31-4883-BE2A-829530737FEB}
		{D314DF6B-367D-44AB-853B-77CAC6DF2F94} = {3AE71960-A651-4907-8522-50F60C7973F5}
		{22507036-7DF9-486A-8043-6A788227D601} = {3AE71960-A651-4907-8522-50F60C7973F5}
		{FAB7A339-1CEA-4AF1-8BE8-AC85C73A1827} = {4203B450-4F31-4883-BE2A-829530737FEB}
		{DFCE556E-56BE-44B0-BA11-94A28E598C4A} = {4203B450-4F31-4883-BE2A-829530737FEB}
		{DCEA0A76-C126-4FED-AE39-73E443082CFA} = {4203B450-4F31-4883-BE2A-829530737FEB}
		{4F86AE5C-9CE9-4124-BB30-A1D3A0F8DFE9} = {4203B450-4F31-4883-BE2A-829530737FEB}
	EndGlobalSection
	GlobalSection(ExtensibilityGlobals) = postSolution
		SolutionGuid = {A64FCC11-33B3-4251-A304-F35DEEC0C128}
	EndGlobalSection
EndGlobal
